
Microsoft Visual Studio Solution File, Format Version 12.00
# Visual Studio 2017
Project("{FAE04EC0-301F-11D3-BF4B-00C04F79EFBC}") = "Priests and devils - 副本", "Priests and devils - 副本.csproj", "{956BEFC8-5EA9-476A-CAAC-F550C9306865}"
EndProject
Global
	GlobalSection(SolutionConfigurationPlatforms) = preSolution
		Debug|Any CPU = Debug|Any CPU
		Release|Any CPU = Release|Any CPU
	EndGlobalSection
	GlobalSection(ProjectConfigurationPlatforms) = postSolution
		{956BEFC8-5EA9-476A-CAAC-F550C9306865}.Debug|Any CPU.ActiveCfg = Debug|Any CPU
		{956BEFC8-5EA9-476A-CAAC-F550C9306865}.Debug|Any CPU.Build.0 = Debug|Any CPU
		{956BEFC8-5EA9-476A-CAAC-F550C9306865}.Release|Any CPU.ActiveCfg = Release|Any CPU
		{956BEFC8-5EA9-476A-CAAC-F550C9306865}.Release|Any CPU.Build.0 = Release|Any CPU
	EndGlobalSection
	GlobalSection(SolutionProperties) = preSolution
		HideSolutionNode = FALSE
	EndGlobalSection
EndGlobal
