
Microsoft Visual Studio Solution File, Format Version 12.00
# Visual Studio 2017
Project("{FAE04EC0-301F-11D3-BF4B-00C04F79EFBC}") = "Priests and devils", "Priests and devils.csproj", "{752F0D0A-9135-873A-E9C4-AABCA513566E}"
EndProject
Global
	GlobalSection(SolutionConfigurationPlatforms) = preSolution
		Debug|Any CPU = Debug|Any CPU
		Release|Any CPU = Release|Any CPU
	EndGlobalSection
	GlobalSection(ProjectConfigurationPlatforms) = postSolution
		{752F0D0A-9135-873A-E9C4-AABCA513566E}.Debug|Any CPU.ActiveCfg = Debug|Any CPU
		{752F0D0A-9135-873A-E9C4-AABCA513566E}.Debug|Any CPU.Build.0 = Debug|Any CPU
		{752F0D0A-9135-873A-E9C4-AABCA513566E}.Release|Any CPU.ActiveCfg = Release|Any CPU
		{752F0D0A-9135-873A-E9C4-AABCA513566E}.Release|Any CPU.Build.0 = Release|Any CPU
	EndGlobalSection
	GlobalSection(SolutionProperties) = preSolution
		HideSolutionNode = FALSE
	EndGlobalSection
EndGlobal
